
Microsoft Visual Studio Solution File, Format Version 12.00
# Visual Studio Version 17
VisualStudioVersion = 17.7.34024.191
MinimumVisualStudioVersion = 10.0.40219.1
Project("{FAE04EC0-301F-11D3-BF4B-00C04F79EFBC}") = "CodePulse.API", "CodePulse.API\CodePulse.API.csproj", "{7BED1C22-9B6E-4945-8FCE-93E8A38C38EC}"
EndProject
Global
	GlobalSection(SolutionConfigurationPlatforms) = preSolution
		Debug|Any CPU = Debug|Any CPU
		Release|Any CPU = Release|Any CPU
	EndGlobalSection
	GlobalSection(ProjectConfigurationPlatforms) = postSolution
		{7BED1C22-9B6E-4945-8FCE-93E8A38C38EC}.Debug|Any CPU.ActiveCfg = Debug|Any CPU
		{7BED1C22-9B6E-4945-8FCE-93E8A38C38EC}.Debug|Any CPU.Build.0 = Debug|Any CPU
		{7BED1C22-9B6E-4945-8FCE-93E8A38C38EC}.Release|Any CPU.ActiveCfg = Release|Any CPU
		{7BED1C22-9B6E-4945-8FCE-93E8A38C38EC}.Release|Any CPU.Build.0 = Release|Any CPU
	EndGlobalSection
	GlobalSection(SolutionProperties) = preSolution
		HideSolutionNode = FALSE
	EndGlobalSection
	GlobalSection(ExtensibilityGlobals) = postSolution
		SolutionGuid = {AD151CC3-E6F7-49FA-88D7-A28FC42D4378}
	EndGlobalSection
EndGlobal
